# THIS IS AN AUTOGENERATED FILE. DO NOT EDIT THIS FILE DIRECTLY.
# yarn lockfile v1


"@babel/runtime@^7.12.5":
  version "7.19.0"
  resolved "https://registry.yarnpkg.com/@babel/runtime/-/runtime-7.19.0.tgz#22b11c037b094d27a8a2504ea4dcff00f50e2259"
  integrity sha512-eR8Lo9hnDS7tqkO7NsV+mKvCmv5boaXFSZ70DnfhcgiEne8hv9oCEd36Klw74EtizEqLsy4YnW8UWwpBVolHZA==
  dependencies:
    regenerator-runtime "^0.13.4"

"@emotion/hash@^0.8.0":
  version "0.8.0"
  resolved "https://registry.yarnpkg.com/@emotion/hash/-/hash-0.8.0.tgz#bbbff68978fefdbe68ccb533bc8cbe1d1afb5413"
  integrity sha512-kBJtf7PH6aWwZ6fka3zQ0p6SBYzx4fl1LoZXE2RrnYST9Xljm7WfKJrU4g/Xr3Beg72MLrp1AWNUmuYJTL7Cow==

"@emotion/is-prop-valid@^0.8.2":
  version "0.8.8"
  resolved "https://registry.yarnpkg.com/@emotion/is-prop-valid/-/is-prop-valid-0.8.8.tgz#db28b1c4368a259b60a97311d6a952d4fd01ac1a"
  integrity sha512-u5WtneEAr5IDG2Wv65yhunPSMLIpuKsbuOktRojfrEiEvRyC85LgPMZI63cr7NUqT8ZIGdSVg8ZKGxIug4lXcA==
  dependencies:
    "@emotion/memoize" "0.7.4"

"@emotion/memoize@0.7.4":
  version "0.7.4"
  resolved "https://registry.yarnpkg.com/@emotion/memoize/-/memoize-0.7.4.tgz#19bf0f5af19149111c40d98bb0cf82119f5d9eeb"
  integrity sha512-Ja/Vfqe3HpuzRsG1oBtWTHk2PGZ7GR+2Vz5iYGelAw8dx32K0y7PjVuxK6z1nMpZOqAFsRUPCkK1YjJ56qJlgw==

"@motionone/animation@^10.13.1":
  version "10.14.0"
  resolved "https://registry.yarnpkg.com/@motionone/animation/-/animation-10.14.0.tgz#2f2a3517183bb58d82e389aac777fe0850079de6"
  integrity sha512-h+1sdyBP8vbxEBW5gPFDnj+m2DCqdlAuf2g6Iafb1lcMnqjsRXWlPw1AXgvUMXmreyhqmPbJqoNfIKdytampRQ==
  dependencies:
    "@motionone/easing" "^10.14.0"
    "@motionone/types" "^10.14.0"
    "@motionone/utils" "^10.14.0"
    tslib "^2.3.1"

"@motionone/dom@10.13.1":
  version "10.13.1"
  resolved "https://registry.yarnpkg.com/@motionone/dom/-/dom-10.13.1.tgz#fc29ea5d12538f21b211b3168e502cfc07a24882"
  integrity sha512-zjfX+AGMIt/fIqd/SL1Lj93S6AiJsEA3oc5M9VkUr+Gz+juRmYN1vfvZd6MvEkSqEjwPQgcjN7rGZHrDB9APfQ==
  dependencies:
    "@motionone/animation" "^10.13.1"
    "@motionone/generators" "^10.13.1"
    "@motionone/types" "^10.13.0"
    "@motionone/utils" "^10.13.1"
    hey-listen "^1.0.8"
    tslib "^2.3.1"

"@motionone/easing@^10.14.0":
  version "10.14.0"
  resolved "https://registry.yarnpkg.com/@motionone/easing/-/easing-10.14.0.tgz#d8154b7f71491414f3cdee23bd3838d763fffd00"
  integrity sha512-2vUBdH9uWTlRbuErhcsMmt1jvMTTqvGmn9fHq8FleFDXBlHFs5jZzHJT9iw+4kR1h6a4SZQuCf72b9ji92qNYA==
  dependencies:
    "@motionone/utils" "^10.14.0"
    tslib "^2.3.1"

"@motionone/generators@^10.13.1":
  version "10.14.0"
  resolved "https://registry.yarnpkg.com/@motionone/generators/-/generators-10.14.0.tgz#e05d9dd56da78a4b92db99185848a0f3db62242d"
  integrity sha512-6kRHezoFfIjFN7pPpaxmkdZXD36tQNcyJe3nwVqwJ+ZfC0e3rFmszR8kp9DEVFs9QL/akWjuGPSLBI1tvz+Vjg==
  dependencies:
    "@motionone/types" "^10.14.0"
    "@motionone/utils" "^10.14.0"
    tslib "^2.3.1"

"@motionone/types@^10.13.0", "@motionone/types@^10.14.0":
  version "10.14.0"
  resolved "https://registry.yarnpkg.com/@motionone/types/-/types-10.14.0.tgz#148c34f3270b175397e49c3058b33fab405c21e3"
  integrity sha512-3bNWyYBHtVd27KncnJLhksMFQ5o2MSdk1cA/IZqsHtA9DnRM1SYgN01CTcJ8Iw8pCXF5Ocp34tyAjY7WRpOJJQ==

"@motionone/utils@^10.13.1", "@motionone/utils@^10.14.0":
  version "10.14.0"
  resolved "https://registry.yarnpkg.com/@motionone/utils/-/utils-10.14.0.tgz#a19a3464ed35b08506747b062d035c7bc9bbe708"
  integrity sha512-sLWBLPzRqkxmOTRzSaD3LFQXCPHvDzyHJ1a3VP9PRzBxyVd2pv51/gMOsdAcxQ9n+MIeGJnxzXBYplUHKj4jkw==
  dependencies:
    "@motionone/types" "^10.14.0"
    hey-listen "^1.0.8"
    tslib "^2.3.1"

"@next/env@12.3.0":
  version "12.3.0"
  resolved "https://registry.yarnpkg.com/@next/env/-/env-12.3.0.tgz#85f971fdc668cc312342761057c59cb8ab1abadf"
  integrity sha512-PTJpjAFVbzBQ9xXpzMTroShvD5YDIIy46jQ7d4LrWpY+/5a8H90Tm8hE3Hvkc5RBRspVo7kvEOnqQms0A+2Q6w==

"@next/swc-android-arm-eabi@12.3.0":
  version "12.3.0"
  resolved "https://registry.yarnpkg.com/@next/swc-android-arm-eabi/-/swc-android-arm-eabi-12.3.0.tgz#9a934904643591cb6f66eb09803a92d2b10ada13"
  integrity sha512-/PuirPnAKsYBw93w/7Q9hqy+KGOU9mjYprZ/faxMUJh/dc6v3rYLxkZKNG9nFPIW4QKNTCnhP40xF9hLnxO+xg==

"@next/swc-android-arm64@12.3.0":
  version "12.3.0"
  resolved "https://registry.yarnpkg.com/@next/swc-android-arm64/-/swc-android-arm64-12.3.0.tgz#c1e3e24d0625efe88f45a2135c8f5c4dff594749"
  integrity sha512-OaI+FhAM6P9B6Ybwbn0Zl8YwWido0lLwhDBi9WiYCh4RQmIXAyVIoIJPHo4fP05+mXaJ/k1trvDvuURvHOq2qw==

"@next/swc-darwin-arm64@12.3.0":
  version "12.3.0"
  resolved "https://registry.yarnpkg.com/@next/swc-darwin-arm64/-/swc-darwin-arm64-12.3.0.tgz#37a9f971b9ad620184af69f38243a36757126fb9"
  integrity sha512-9s4d3Mhii+WFce8o8Jok7WC3Bawkr9wEUU++SJRptjU1L5tsfYJMrSYCACHLhZujziNDLyExe4Hwwsccps1sfg==

"@next/swc-darwin-x64@12.3.0":
  version "12.3.0"
  resolved "https://registry.yarnpkg.com/@next/swc-darwin-x64/-/swc-darwin-x64-12.3.0.tgz#fb017f1066c8cf2b8da49ef3588c8731d8bf1bf3"
  integrity sha512-2scC4MqUTwGwok+wpVxP+zWp7WcCAVOtutki2E1n99rBOTnUOX6qXkgxSy083yBN6GqwuC/dzHeN7hIKjavfRA==

"@next/swc-freebsd-x64@12.3.0":
  version "12.3.0"
  resolved "https://registry.yarnpkg.com/@next/swc-freebsd-x64/-/swc-freebsd-x64-12.3.0.tgz#e7955b016f41e0f95088e3459ff4197027871fbf"
  integrity sha512-xAlruUREij/bFa+qsE1tmsP28t7vz02N4ZDHt2lh3uJUniE0Ne9idyIDLc1Ed0IF2RjfgOp4ZVunuS3OM0sngw==

"@next/swc-linux-arm-gnueabihf@12.3.0":
  version "12.3.0"
  resolved "https://registry.yarnpkg.com/@next/swc-linux-arm-gnueabihf/-/swc-linux-arm-gnueabihf-12.3.0.tgz#d2233267bffaa24378245b328f2f8a01a37eab29"
  integrity sha512-jin2S4VT/cugc2dSZEUIabhYDJNgrUh7fufbdsaAezgcQzqfdfJqfxl4E9GuafzB4cbRPTaqA0V5uqbp0IyGkQ==

"@next/swc-linux-arm64-gnu@12.3.0":
  version "12.3.0"
  resolved "https://registry.yarnpkg.com/@next/swc-linux-arm64-gnu/-/swc-linux-arm64-gnu-12.3.0.tgz#149a0cb877352ab63e81cf1dd53b37f382929d2a"
  integrity sha512-RqJHDKe0WImeUrdR0kayTkRWgp4vD/MS7g0r6Xuf8+ellOFH7JAAJffDW3ayuVZeMYOa7RvgNFcOoWnrTUl9Nw==

"@next/swc-linux-arm64-musl@12.3.0":
  version "12.3.0"
  resolved "https://registry.yarnpkg.com/@next/swc-linux-arm64-musl/-/swc-linux-arm64-musl-12.3.0.tgz#73ec7f121f56fd7cf99cf2b00cf41f62c4560e90"
  integrity sha512-nvNWoUieMjvDjpYJ/4SQe9lQs2xMj6ZRs8N+bmTrVu9leY2Fg3WD6W9p/1uU9hGO8u+OdF13wc4iRShu/WYIHg==

"@next/swc-linux-x64-gnu@12.3.0":
  version "12.3.0"
  resolved "https://registry.yarnpkg.com/@next/swc-linux-x64-gnu/-/swc-linux-x64-gnu-12.3.0.tgz#6812e52ef21bfd091810f271dd61da11d82b66b9"
  integrity sha512-4ajhIuVU9PeQCMMhdDgZTLrHmjbOUFuIyg6J19hZqwEwDTSqQyrSLkbJs2Nd7IRiM6Ul/XyrtEFCpk4k+xD2+w==

"@next/swc-linux-x64-musl@12.3.0":
  version "12.3.0"
  resolved "https://registry.yarnpkg.com/@next/swc-linux-x64-musl/-/swc-linux-x64-musl-12.3.0.tgz#c9e7ffb6d44da330961c1ce651c5b03a1becfe22"
  integrity sha512-U092RBYbaGxoMAwpauePJEu2PuZSEoUCGJBvsptQr2/2XIMwAJDYM4c/M5NfYEsBr+yjvsYNsOpYfeQ88D82Yg==

"@next/swc-win32-arm64-msvc@12.3.0":
  version "12.3.0"
  resolved "https://registry.yarnpkg.com/@next/swc-win32-arm64-msvc/-/swc-win32-arm64-msvc-12.3.0.tgz#e0d9d26297f52b0d3b3c2f5138ddcce30601bc98"
  integrity sha512-pzSzaxjDEJe67bUok9Nxf9rykbJfHXW0owICFsPBsqHyc+cr8vpF7g9e2APTCddtVhvjkga9ILoZJ9NxWS7Yiw==

"@next/swc-win32-ia32-msvc@12.3.0":
  version "12.3.0"
  resolved "https://registry.yarnpkg.com/@next/swc-win32-ia32-msvc/-/swc-win32-ia32-msvc-12.3.0.tgz#37daeac1acc68537b8e76cd81fde96dce11f78b4"
  integrity sha512-MQGUpMbYhQmTZ06a9e0hPQJnxFMwETo2WtyAotY3GEzbNCQVbCGhsvqEKcl+ZEHgShlHXUWvSffq1ZscY6gK7A==

"@next/swc-win32-x64-msvc@12.3.0":
  version "12.3.0"
  resolved "https://registry.yarnpkg.com/@next/swc-win32-x64-msvc/-/swc-win32-x64-msvc-12.3.0.tgz#c1b983316307f8f55fee491942b5d244bd2036e2"
  integrity sha512-C/nw6OgQpEULWqs+wgMHXGvlJLguPRFFGqR2TAqWBerQ8J+Sg3z1ZTqwelkSi4FoqStGuZ2UdFHIDN1ySmR1xA==

"@swc/helpers@0.4.11":
  version "0.4.11"
  resolved "https://registry.yarnpkg.com/@swc/helpers/-/helpers-0.4.11.tgz#db23a376761b3d31c26502122f349a21b592c8de"
  integrity sha512-rEUrBSGIoSFuYxwBYtlUFMlE2CwGhmW+w9355/5oduSw8e5h2+Tj4UrAGNNgP9915++wj5vkQo0UuOBqOAq4nw==
  dependencies:
    tslib "^2.4.0"

"@tauri-apps/api@^1.0.2":
  version "1.0.2"
  resolved "https://registry.yarnpkg.com/@tauri-apps/api/-/api-1.0.2.tgz#5228720e35d50fd08df87067dc29e7306c1f7a10"
  integrity sha512-yuNW0oeJ1/ZA7wNF1KgxhHrSu5viPVzY/UgUczzN5ptLM8dH15Juy5rEGkoHfeXGju90Y/l22hi3BtIrp/za+w==

"@tauri-apps/cli-darwin-arm64@1.0.5":
  version "1.0.5"
  resolved "https://registry.yarnpkg.com/@tauri-apps/cli-darwin-arm64/-/cli-darwin-arm64-1.0.5.tgz#6fd17a8d9e0e7982b5c9887639407fdec783a744"
  integrity sha512-oxpFb9ZeMiC3xPUJ9NsXWCnnwFSVkPbJUvDKpc9IaoDIUpsMTV72W4P0Nh0uQRbyhx4modPpstt7+ONypNVYNg==

"@tauri-apps/cli-darwin-x64@1.0.5":
  version "1.0.5"
  resolved "https://registry.yarnpkg.com/@tauri-apps/cli-darwin-x64/-/cli-darwin-x64-1.0.5.tgz#6aaaadd68739c4c4f86546f3d17b2fb60a5a0c04"
  integrity sha512-hRNYC6L9edz2dEqK33tssPylF2ti6x6udidBlGWc5GSoeEb/05qKMEA1MESQYKBG+4q+wjJvACA2vvz6AfgJ3Q==

"@tauri-apps/cli-linux-arm-gnueabihf@1.0.5":
  version "1.0.5"
  resolved "https://registry.yarnpkg.com/@tauri-apps/cli-linux-arm-gnueabihf/-/cli-linux-arm-gnueabihf-1.0.5.tgz#d2d01c8b85ee3771656386bfda3852af8ed811da"
  integrity sha512-hc/Jp3TtFpxB8XVkLEwWy7MNcUBlS8rNCafQBUt4KSElXB+/oGo50jPO+wd5GSMSOR59UCzH08v11P0b+sAa/w==

"@tauri-apps/cli-linux-arm64-gnu@1.0.5":
  version "1.0.5"
  resolved "https://registry.yarnpkg.com/@tauri-apps/cli-linux-arm64-gnu/-/cli-linux-arm64-gnu-1.0.5.tgz#7ca848120c2e90b57188aaa9daee11cf29e2e2f4"
  integrity sha512-btFlkD2PG+yzJBZzWeJmyCy8ZV+iys2Jl66Fs4g9lSi3KrBDnyfQ26RpGZb2pRfkkcVP8/x1WSfByO+Rj+PTBA==

"@tauri-apps/cli-linux-arm64-musl@1.0.5":
  version "1.0.5"
  resolved "https://registry.yarnpkg.com/@tauri-apps/cli-linux-arm64-musl/-/cli-linux-arm64-musl-1.0.5.tgz#5ba65790849e0737f560f3ccd12f7a2a88c25b23"
  integrity sha512-p5JFdWab2AWhfgAZW/mgOLu+YiIJXKV0NdATGmdiBgQCMmz1k/FM8iOFApCgGbo3/zkR58cJ7Z7hyWmQ07M6Pw==

"@tauri-apps/cli-linux-x64-gnu@1.0.5":
  version "1.0.5"
  resolved "https://registry.yarnpkg.com/@tauri-apps/cli-linux-x64-gnu/-/cli-linux-x64-gnu-1.0.5.tgz#d06430c608316cb5a29ec805d4c5d078a293c3ae"
  integrity sha512-fOXR635AXxwSO7MCfBhMLnGpcg1H83XGw9ocuyg4jjvtE8QoYPwC4ksfb5lLhDVMui9iIKY93NAK3EkQiSGGmQ==

"@tauri-apps/cli-linux-x64-musl@1.0.5":
  version "1.0.5"
  resolved "https://registry.yarnpkg.com/@tauri-apps/cli-linux-x64-musl/-/cli-linux-x64-musl-1.0.5.tgz#813c90531f4001453e73b3ad2d4c75929412a249"
  integrity sha512-8be4zJVkuMs427JqONhFx5Ia5zWsQ5tbZXd80C3dHNL+5/3VIOK6nGQ0iijyZSLXiE9JKEH2jp1EHB+1TVJRcw==

"@tauri-apps/cli-win32-ia32-msvc@1.0.5":
  version "1.0.5"
  resolved "https://registry.yarnpkg.com/@tauri-apps/cli-win32-ia32-msvc/-/cli-win32-ia32-msvc-1.0.5.tgz#a3eb6f56c3f4ba35f6311e1fb31bd30e6892b316"
  integrity sha512-WpnIfzS1e4InGhvd1IDSKC3w6kbI5c6oJgMmtkMTBlhjhiZXhZmQF4XA784A5Y13pzsbXnbNJKOp8DuPVkoTRQ==

"@tauri-apps/cli-win32-x64-msvc@1.0.5":
  version "1.0.5"
  resolved "https://registry.yarnpkg.com/@tauri-apps/cli-win32-x64-msvc/-/cli-win32-x64-msvc-1.0.5.tgz#f1e0860166e8f86b550e35aaf22ef95d6da5a7c8"
  integrity sha512-8iEhVD3X4LZfrlxEPOV+mAj4QrJrEqKTICiJnwmgjvhYQOOsNHzg5kca7pcBbqcgorQOBydLpfGJtxWRusVPaw==

"@tauri-apps/cli@^1.0.5":
  version "1.0.5"
  resolved "https://registry.yarnpkg.com/@tauri-apps/cli/-/cli-1.0.5.tgz#a15a61e8467be29277b72707c4189c58c33d94bf"
  integrity sha512-vbY+MwK+xN65x0R/o16UQPxBtJl8pmzVzC0TZKokZfmeOkomoqOEOinSwznAMeyR1ZMJW+fXVgJCPvGsRQ0LGg==
  optionalDependencies:
    "@tauri-apps/cli-darwin-arm64" "1.0.5"
    "@tauri-apps/cli-darwin-x64" "1.0.5"
    "@tauri-apps/cli-linux-arm-gnueabihf" "1.0.5"
    "@tauri-apps/cli-linux-arm64-gnu" "1.0.5"
    "@tauri-apps/cli-linux-arm64-musl" "1.0.5"
    "@tauri-apps/cli-linux-x64-gnu" "1.0.5"
    "@tauri-apps/cli-linux-x64-musl" "1.0.5"
    "@tauri-apps/cli-win32-ia32-msvc" "1.0.5"
    "@tauri-apps/cli-win32-x64-msvc" "1.0.5"

"@types/node@^18.7.11":
  version "18.7.16"
  resolved "https://registry.yarnpkg.com/@types/node/-/node-18.7.16.tgz#0eb3cce1e37c79619943d2fd903919fc30850601"
  integrity sha512-EQHhixfu+mkqHMZl1R2Ovuvn47PUw18azMJOTwSZr9/fhzHNGXAJ0ma0dayRVchprpCj0Kc1K1xKoWaATWF1qg==

"@types/prop-types@*":
  version "15.7.5"
  resolved "https://registry.yarnpkg.com/@types/prop-types/-/prop-types-15.7.5.tgz#5f19d2b85a98e9558036f6a3cacc8819420f05cf"
  integrity sha512-JCB8C6SnDoQf0cNycqd/35A7MjcnK+ZTqE7judS6o7utxUCg6imJg3QK2qzHKszlTjcj2cn+NwMB2i96ubpj7w==

"@types/react-dom@^18.0.6":
  version "18.0.6"
  resolved "https://registry.yarnpkg.com/@types/react-dom/-/react-dom-18.0.6.tgz#36652900024842b74607a17786b6662dd1e103a1"
  integrity sha512-/5OFZgfIPSwy+YuIBP/FgJnQnsxhZhjjrnxudMddeblOouIodEQ75X14Rr4wGSG/bknL+Omy9iWlLo1u/9GzAA==
  dependencies:
    "@types/react" "*"

"@types/react@*", "@types/react@^18.0.17":
  version "18.0.19"
  resolved "https://registry.yarnpkg.com/@types/react/-/react-18.0.19.tgz#269a5f35b9a73c69dfb0c7189017013ab02acbaa"
  integrity sha512-BDc3Q+4Q3zsn7k9xZrKfjWyJsSlEDMs38gD1qp2eDazLCdcPqAT+vq1ND+Z8AGel/UiwzNUk8ptpywgNQcJ1MQ==
  dependencies:
    "@types/prop-types" "*"
    "@types/scheduler" "*"
    csstype "^3.0.2"

"@types/scheduler@*":
  version "0.16.2"
  resolved "https://registry.yarnpkg.com/@types/scheduler/-/scheduler-0.16.2.tgz#1a62f89525723dde24ba1b01b092bf5df8ad4d39"
  integrity sha512-hppQEBDmlwhFAXKJX2KnWLYu5yMfi91yazPb2l+lbJiwW+wdo1gNeRA+3RgNSO39WYX2euey41KEwnqesU2Jew==

"@vanilla-extract/css@^1.7.2", "@vanilla-extract/css@^1.9.0":
  version "1.9.0"
  resolved "https://registry.yarnpkg.com/@vanilla-extract/css/-/css-1.9.0.tgz#870efb6950896b429093067b9fba3d3ffcf6c16d"
  integrity sha512-YERVutWIpttfkEAynBUgdHKMcSPjMAtu5IFfDfEdXmeygilV12S5WUYMzjrqu0F/LZBtqrHG5fa2tiCiFpay+w==
  dependencies:
    "@emotion/hash" "^0.8.0"
    "@vanilla-extract/private" "^1.0.3"
    chalk "^4.1.1"
    css-what "^5.0.1"
    cssesc "^3.0.0"
    csstype "^3.0.7"
    deep-object-diff "^1.1.0"
    deepmerge "^4.2.2"
    escape-string-regexp "^4.0.0"
    media-query-parser "^2.0.2"
    outdent "^0.8.0"

"@vanilla-extract/dynamic@^2.0.2":
  version "2.0.2"
  resolved "https://registry.yarnpkg.com/@vanilla-extract/dynamic/-/dynamic-2.0.2.tgz#13a3e461964c8029a52e6b6b631009ca6a8b27f5"
  integrity sha512-U4nKaEQ8Kuz+exXEr51DUpyaOuzo24/S/k1YbDPQR06cYcNjQqvwFRnwWtZ+9ImocqM1wTKtzrdUgSTtLGIwAg==
  dependencies:
    "@vanilla-extract/private" "^1.0.3"

"@vanilla-extract/integration@^5.0.0":
  version "5.0.1"
  resolved "https://registry.yarnpkg.com/@vanilla-extract/integration/-/integration-5.0.1.tgz#d94fd1e7179325495f099b8e1a921930ac7e3e76"
  integrity sha512-HRV/HvC/lihb9wT3x5s7pf5qLjqxSd9nBePJ10juOuMB5cl2ZClEcts076m9BuRKM3wRK2h7KuwkNsaUtjujxQ==
  dependencies:
    "@vanilla-extract/css" "^1.7.2"
    esbuild "^0.11.16"
    eval "0.1.6"
    find-up "^5.0.0"
    javascript-stringify "^2.0.1"
    lodash "^4.17.21"
    outdent "^0.8.0"

"@vanilla-extract/next-plugin@^2.0.2":
  version "2.0.2"
  resolved "https://registry.yarnpkg.com/@vanilla-extract/next-plugin/-/next-plugin-2.0.2.tgz#f497158abb422c4681e173fc238161b33fd19e6b"
  integrity sha512-91xtYoE/TVQcL9vkjN1sP8SDoDJVVuHOhwjeR3W1jgLFrKydrODRxmu9qzuRKcBVM2R7ayGdBQOKmm3HL2xpug==
  dependencies:
    "@vanilla-extract/webpack-plugin" "^2.1.7"
    browserslist "^4.19.1"

"@vanilla-extract/private@^1.0.3":
  version "1.0.3"
  resolved "https://registry.yarnpkg.com/@vanilla-extract/private/-/private-1.0.3.tgz#7ec72bc2ff6fe51f9d650f962e8d1989b073690f"
  integrity sha512-17kVyLq3ePTKOkveHxXuIJZtGYs+cSoev7BlP+Lf4916qfDhk/HBjvlYDe8egrea7LNPHKwSZJK/bzZC+Q6AwQ==

"@vanilla-extract/webpack-plugin@^2.1.7":
  version "2.1.12"
  resolved "https://registry.yarnpkg.com/@vanilla-extract/webpack-plugin/-/webpack-plugin-2.1.12.tgz#b4c02b3acf59aa236ec4de9f49ab761370a4b2b0"
  integrity sha512-8mAbIDEh9r7a5cgb3wcILzuhEbGNddV4/qvwogOlxhoGrP4deUKJHEtPURDviWZ+x/FzFZtZ3glWU7WD8+WN8A==
  dependencies:
    "@vanilla-extract/integration" "^5.0.0"
    chalk "^4.1.1"
    debug "^4.3.1"
    loader-utils "^2.0.0"

ansi-styles@^4.1.0:
  version "4.3.0"
  resolved "https://registry.yarnpkg.com/ansi-styles/-/ansi-styles-4.3.0.tgz#edd803628ae71c04c85ae7a0906edad34b648937"
  integrity sha512-zbB9rCJAT1rbjiVDb2hqKFHNYLxgtk8NURxZ3IZwD3F6NtxbXZQCnnSi1Lkx+IDohdPlFp222wVALIheZJQSEg==
  dependencies:
    color-convert "^2.0.1"

big.js@^5.2.2:
  version "5.2.2"
  resolved "https://registry.yarnpkg.com/big.js/-/big.js-5.2.2.tgz#65f0af382f578bcdc742bd9c281e9cb2d7768328"
  integrity sha512-vyL2OymJxmarO8gxMr0mhChsO9QGwhynfuu4+MHTAW6czfq9humCB7rKpUjDd9YUiDPU4mzpyupFSvOClAwbmQ==

browserslist@^4.19.1:
  version "4.21.3"
  resolved "https://registry.yarnpkg.com/browserslist/-/browserslist-4.21.3.tgz#5df277694eb3c48bc5c4b05af3e8b7e09c5a6d1a"
  integrity sha512-898rgRXLAyRkM1GryrrBHGkqA5hlpkV5MhtZwg9QXeiyLUYs2k00Un05aX5l2/yJIOObYKOpS2JNo8nJDE7fWQ==
  dependencies:
    caniuse-lite "^1.0.30001370"
    electron-to-chromium "^1.4.202"
    node-releases "^2.0.6"
    update-browserslist-db "^1.0.5"

caniuse-lite@^1.0.30001332:
  version "1.0.30001397"
  resolved "https://registry.yarnpkg.com/caniuse-lite/-/caniuse-lite-1.0.30001397.tgz#010d9d56e3b8abcd8df261d0a94b22426271a15f"
  integrity sha512-SW9N2TbCdLf0eiNDRrrQXx2sOkaakNZbCjgNpPyMJJbiOrU5QzMIrXOVMRM1myBXTD5iTkdrtU/EguCrBocHlA==

caniuse-lite@^1.0.30001370:
  version "1.0.30001399"
  resolved "https://registry.yarnpkg.com/caniuse-lite/-/caniuse-lite-1.0.30001399.tgz#1bf994ca375d7f33f8d01ce03b7d5139e8587873"
  integrity sha512-4vQ90tMKS+FkvuVWS5/QY1+d805ODxZiKFzsU8o/RsVJz49ZSRR8EjykLJbqhzdPgadbX6wB538wOzle3JniRA==

chalk@^4.1.1:
  version "4.1.2"
  resolved "https://registry.yarnpkg.com/chalk/-/chalk-4.1.2.tgz#aac4e2b7734a740867aeb16bf02aad556a1e7a01"
  integrity sha512-oKnbhFyRIXpUuez8iBMmyEa4nbj4IOQyuhc/wy9kY7/WVPcwIO9VA668Pu8RkO7+0G76SLROeyw9CpQ061i4mA==
  dependencies:
    ansi-styles "^4.1.0"
    supports-color "^7.1.0"

classnames@^2.3.2:
  version "2.3.2"
  resolved "https://registry.yarnpkg.com/classnames/-/classnames-2.3.2.tgz#351d813bf0137fcc6a76a16b88208d2560a0d924"
  integrity sha512-CSbhY4cFEJRe6/GQzIk5qXZ4Jeg5pcsP7b5peFSDpffpe1cqjASH/n9UTjBwOp6XpMSTwQ8Za2K5V02ueA7Tmw==

color-convert@^2.0.1:
  version "2.0.1"
  resolved "https://registry.yarnpkg.com/color-convert/-/color-convert-2.0.1.tgz#72d3a68d598c9bdb3af2ad1e84f21d896abd4de3"
  integrity sha512-RRECPsj7iu/xb5oKYcsFHSppFNnsj/52OVTRKb4zP5onXwVF3zVmmToNcOfGC+CRDpfK/U584fMg38ZHCaElKQ==
  dependencies:
    color-name "~1.1.4"

color-name@~1.1.4:
  version "1.1.4"
  resolved "https://registry.yarnpkg.com/color-name/-/color-name-1.1.4.tgz#c2a09a87acbde69543de6f63fa3995c826c536a2"
  integrity sha512-dOy+3AuW3a2wNbZHIuMZpTcgjGuLU/uBL/ubcZF9OXbDo8ff4O8yVp5Bf0efS8uEoYo5q4Fx7dY9OgQGXgAsQA==

css-what@^5.0.1:
  version "5.1.0"
  resolved "https://registry.yarnpkg.com/css-what/-/css-what-5.1.0.tgz#3f7b707aadf633baf62c2ceb8579b545bb40f7fe"
  integrity sha512-arSMRWIIFY0hV8pIxZMEfmMI47Wj3R/aWpZDDxWYCPEiOMv6tfOrnpDtgxBYPEQD4V0Y/958+1TdC3iWTFcUPw==

cssesc@^3.0.0:
  version "3.0.0"
  resolved "https://registry.yarnpkg.com/cssesc/-/cssesc-3.0.0.tgz#37741919903b868565e1c09ea747445cd18983ee"
  integrity sha512-/Tb/JcjK111nNScGob5MNtsntNM1aCNUDipB/TkwZFhyDrrE47SOx/18wF2bbjgc3ZzCSKW1T5nt5EbFoAz/Vg==

csstype@^3.0.2:
  version "3.1.0"
  resolved "https://registry.yarnpkg.com/csstype/-/csstype-3.1.0.tgz#4ddcac3718d787cf9df0d1b7d15033925c8f29f2"
  integrity sha512-uX1KG+x9h5hIJsaKR9xHUeUraxf8IODOwq9JLNPq6BwB04a/xgpq3rcx47l5BZu5zBPlgD342tdke3Hom/nJRA==

csstype@^3.0.7:
  version "3.1.1"
  resolved "https://registry.yarnpkg.com/csstype/-/csstype-3.1.1.tgz#841b532c45c758ee546a11d5bd7b7b473c8c30b9"
  integrity sha512-DJR/VvkAvSZW9bTouZue2sSxDwdTN92uHjqeKVm+0dAqdfNykRzQ95tay8aXMBAAPpUiq4Qcug2L7neoRh2Egw==

debug@^4.3.1:
  version "4.3.4"
  resolved "https://registry.yarnpkg.com/debug/-/debug-4.3.4.tgz#1319f6579357f2338d3337d2cdd4914bb5dcc865"
  integrity sha512-PRWFHuSU3eDtQJPvnNY7Jcket1j0t5OuOsFzPPzsekD52Zl8qUfFIPEiswXqIvHWGVHOgX+7G/vCNNhehwxfkQ==
  dependencies:
    ms "2.1.2"

deep-object-diff@^1.1.0:
  version "1.1.7"
  resolved "https://registry.yarnpkg.com/deep-object-diff/-/deep-object-diff-1.1.7.tgz#348b3246f426427dd633eaa50e1ed1fc2eafc7e4"
  integrity sha512-QkgBca0mL08P6HiOjoqvmm6xOAl2W6CT2+34Ljhg0OeFan8cwlcdq8jrLKsBBuUFAZLsN5b6y491KdKEoSo9lg==

deepmerge@^4.2.2:
  version "4.2.2"
  resolved "https://registry.yarnpkg.com/deepmerge/-/deepmerge-4.2.2.tgz#44d2ea3679b8f4d4ffba33f03d865fc1e7bf4955"
  integrity sha512-FJ3UgI4gIl+PHZm53knsuSFpE+nESMr7M4v9QcgB7S63Kj/6WqMiFQJpBBYz1Pt+66bZpP3Q7Lye0Oo9MPKEdg==

electron-to-chromium@^1.4.202:
  version "1.4.248"
  resolved "https://registry.yarnpkg.com/electron-to-chromium/-/electron-to-chromium-1.4.248.tgz#dd2dab68277e91e8452536ee9265f484066f94ad"
  integrity sha512-qShjzEYpa57NnhbW2K+g+Fl+eNoDvQ7I+2MRwWnU6Z6F0HhXekzsECCLv+y2OJUsRodjqoSfwHkIX42VUFtUzg==

emojis-list@^3.0.0:
  version "3.0.0"
  resolved "https://registry.yarnpkg.com/emojis-list/-/emojis-list-3.0.0.tgz#5570662046ad29e2e916e71aae260abdff4f6a78"
  integrity sha512-/kyM18EfinwXZbno9FyUGeFh87KC8HRQBQGildHZbEuRyWFOmv1U10o9BBp8XVZDVNNuQKyIGIu5ZYAAXJ0V2Q==

esbuild@^0.11.16:
  version "0.11.23"
  resolved "https://registry.yarnpkg.com/esbuild/-/esbuild-0.11.23.tgz#c42534f632e165120671d64db67883634333b4b8"
  integrity sha512-iaiZZ9vUF5wJV8ob1tl+5aJTrwDczlvGP0JoMmnpC2B0ppiMCu8n8gmy5ZTGl5bcG081XBVn+U+jP+mPFm5T5Q==

escalade@^3.1.1:
  version "3.1.1"
  resolved "https://registry.yarnpkg.com/escalade/-/escalade-3.1.1.tgz#d8cfdc7000965c5a0174b4a82eaa5c0552742e40"
  integrity sha512-k0er2gUkLf8O0zKJiAhmkTnJlTvINGv7ygDNPbeIsX/TJjGJZHuh9B2UxbsaEkmlEo9MfhrSzmhIlhRlI2GXnw==

escape-string-regexp@^4.0.0:
  version "4.0.0"
  resolved "https://registry.yarnpkg.com/escape-string-regexp/-/escape-string-regexp-4.0.0.tgz#14ba83a5d373e3d311e5afca29cf5bfad965bf34"
  integrity sha512-TtpcNJ3XAzx3Gq8sWRzJaVajRs0uVxA2YAkdb1jm2YkPz4G6egUFAyA3n5vtEIZefPk5Wa4UXbKuS5fKkJWdgA==

eval@0.1.6:
  version "0.1.6"
  resolved "https://registry.yarnpkg.com/eval/-/eval-0.1.6.tgz#9620d7d8c85515e97e6b47c5814f46ae381cb3cc"
  integrity sha512-o0XUw+5OGkXw4pJZzQoXUk+H87DHuC+7ZE//oSrRGtatTmr12oTnLfg6QOq9DyTt0c/p4TwzgmkKrBzWTSizyQ==
  dependencies:
    require-like ">= 0.1.1"

find-up@^5.0.0:
  version "5.0.0"
  resolved "https://registry.yarnpkg.com/find-up/-/find-up-5.0.0.tgz#4c92819ecb7083561e4f4a240a86be5198f536fc"
  integrity sha512-78/PXT1wlLLDgTzDs7sjq9hzz0vXD+zn+7wypEe4fXQxCmdmqfGsEPQxmiCSQI3ajFV91bVSsvNtrJRiW6nGng==
  dependencies:
    locate-path "^6.0.0"
    path-exists "^4.0.0"

framer-motion@^7.4.0:
  version "7.4.0"
  resolved "https://registry.yarnpkg.com/framer-motion/-/framer-motion-7.4.0.tgz#318c52a76517f9f854aa4a298c292be04941521b"
  integrity sha512-tcvL5L1cASYjIeBG6mQHhzfndm7MdyHjOwqIdOzOetIVa1yUqeYMufAoljgqg69XFgsgZet+c4iuSuFF+Vgbjg==
  dependencies:
    "@motionone/dom" "10.13.1"
    framesync "6.1.2"
    hey-listen "^1.0.8"
    popmotion "11.0.5"
    style-value-types "5.1.2"
    tslib "2.4.0"
  optionalDependencies:
    "@emotion/is-prop-valid" "^0.8.2"

framesync@6.1.2:
  version "6.1.2"
  resolved "https://registry.yarnpkg.com/framesync/-/framesync-6.1.2.tgz#755eff2fb5b8f3b4d2b266dd18121b300aefea27"
  integrity sha512-jBTqhX6KaQVDyus8muwZbBeGGP0XgujBRbQ7gM7BRdS3CadCZIHiawyzYLnafYcvZIh5j8WE7cxZKFn7dXhu9g==
  dependencies:
    tslib "2.4.0"

has-flag@^4.0.0:
  version "4.0.0"
  resolved "https://registry.yarnpkg.com/has-flag/-/has-flag-4.0.0.tgz#944771fd9c81c81265c4d6941860da06bb59479b"
  integrity sha512-EykJT/Q1KjTWctppgIAgfSO0tKVuZUjhgMr17kqTumMl6Afv3EISleU7qZUzoXDFTAHTDC4NOoG/ZxU3EvlMPQ==

hey-listen@^1.0.8:
  version "1.0.8"
  resolved "https://registry.yarnpkg.com/hey-listen/-/hey-listen-1.0.8.tgz#8e59561ff724908de1aa924ed6ecc84a56a9aa68"
  integrity sha512-COpmrF2NOg4TBWUJ5UVyaCU2A88wEMkUPK4hNqyCkqHbxT92BbvfjoSozkAIIm6XhicGlJHhFdullInrdhwU8Q==

javascript-stringify@^2.0.1:
  version "2.1.0"
  resolved "https://registry.yarnpkg.com/javascript-stringify/-/javascript-stringify-2.1.0.tgz#27c76539be14d8bd128219a2d731b09337904e79"
  integrity sha512-JVAfqNPTvNq3sB/VHQJAFxN/sPgKnsKrCwyRt15zwNCdrMMJDdcEOdubuy+DuJYYdm0ox1J4uzEuYKkN+9yhVg==

"js-tokens@^3.0.0 || ^4.0.0":
  version "4.0.0"
  resolved "https://registry.yarnpkg.com/js-tokens/-/js-tokens-4.0.0.tgz#19203fb59991df98e3a287050d4647cdeaf32499"
  integrity sha512-RdJUflcE3cUzKiMqQgsCu06FPu9UdIJO0beYbPhHN4k6apgJtifcoCtT9bcxOpYBtpD2kCM6Sbzg4CausW/PKQ==

json5@^2.1.2:
  version "2.2.1"
  resolved "https://registry.yarnpkg.com/json5/-/json5-2.2.1.tgz#655d50ed1e6f95ad1a3caababd2b0efda10b395c"
  integrity sha512-1hqLFMSrGHRHxav9q9gNjJ5EXznIxGVO09xQRrwplcS8qs28pZ8s8hupZAmqDwZUmVZ2Qb2jnyPOWcDH8m8dlA==

loader-utils@^2.0.0:
  version "2.0.2"
  resolved "https://registry.yarnpkg.com/loader-utils/-/loader-utils-2.0.2.tgz#d6e3b4fb81870721ae4e0868ab11dd638368c129"
  integrity sha512-TM57VeHptv569d/GKh6TAYdzKblwDNiumOdkFnejjD0XwTH87K90w3O7AiJRqdQoXygvi1VQTJTLGhJl7WqA7A==
  dependencies:
    big.js "^5.2.2"
    emojis-list "^3.0.0"
    json5 "^2.1.2"

locate-path@^6.0.0:
  version "6.0.0"
  resolved "https://registry.yarnpkg.com/locate-path/-/locate-path-6.0.0.tgz#55321eb309febbc59c4801d931a72452a681d286"
  integrity sha512-iPZK6eYjbxRu3uB4/WZ3EsEIMJFMqAoopl3R+zuq0UjcAm/MO6KCweDgPfP3elTztoKP3KtnVHxTn2NHBSDVUw==
  dependencies:
    p-locate "^5.0.0"

lodash@^4.17.21:
  version "4.17.21"
  resolved "https://registry.yarnpkg.com/lodash/-/lodash-4.17.21.tgz#679591c564c3bffaae8454cf0b3df370c3d6911c"
  integrity sha512-v2kDEe57lecTulaDIuNTPy3Ry4gLGJ6Z1O3vE1krgXZNrsQ+LFTGHVxVjcXPs17LhbZVGedAJv8XZ1tvj5FvSg==

loose-envify@^1.1.0:
  version "1.4.0"
  resolved "https://registry.yarnpkg.com/loose-envify/-/loose-envify-1.4.0.tgz#71ee51fa7be4caec1a63839f7e682d8132d30caf"
  integrity sha512-lyuxPGr/Wfhrlem2CL/UcnUc1zcqKAImBDzukY7Y5F/yQiNdko6+fRLevlw1HgMySw7f611UIY408EtxRSoK3Q==
  dependencies:
    js-tokens "^3.0.0 || ^4.0.0"

media-query-parser@^2.0.2:
  version "2.0.2"
  resolved "https://registry.yarnpkg.com/media-query-parser/-/media-query-parser-2.0.2.tgz#ff79e56cee92615a304a1c2fa4f2bd056c0a1d29"
  integrity sha512-1N4qp+jE0pL5Xv4uEcwVUhIkwdUO3S/9gML90nqKA7v7FcOS5vUtatfzok9S9U1EJU8dHWlcv95WLnKmmxZI9w==
  dependencies:
    "@babel/runtime" "^7.12.5"

ms@2.1.2:
  version "2.1.2"
  resolved "https://registry.yarnpkg.com/ms/-/ms-2.1.2.tgz#d09d1f357b443f493382a8eb3ccd183872ae6009"
  integrity sha512-sGkPx+VjMtmA6MX27oA4FBFELFCZZ4S4XqeGOXCv68tT+jb3vk/RyaKWP0PTKyWtmLSM0b+adUTEvbs1PEaH2w==

nanoid@^3.3.4:
  version "3.3.4"
  resolved "https://registry.yarnpkg.com/nanoid/-/nanoid-3.3.4.tgz#730b67e3cd09e2deacf03c027c81c9d9dbc5e8ab"
  integrity sha512-MqBkQh/OHTS2egovRtLk45wEyNXwF+cokD+1YPf9u5VfJiRdAiRwB2froX5Co9Rh20xs4siNPm8naNotSD6RBw==

next@^12.2.5:
  version "12.3.0"
  resolved "https://registry.yarnpkg.com/next/-/next-12.3.0.tgz#0e4c1ed0092544c7e8f4c998ca57cf6529e286cb"
  integrity sha512-GpzI6me9V1+XYtfK0Ae9WD0mKqHyzQlGq1xH1rzNIYMASo4Tkl4rTe9jSqtBpXFhOS33KohXs9ZY38Akkhdciw==
  dependencies:
    "@next/env" "12.3.0"
    "@swc/helpers" "0.4.11"
    caniuse-lite "^1.0.30001332"
    postcss "8.4.14"
    styled-jsx "5.0.6"
    use-sync-external-store "1.2.0"
  optionalDependencies:
    "@next/swc-android-arm-eabi" "12.3.0"
    "@next/swc-android-arm64" "12.3.0"
    "@next/swc-darwin-arm64" "12.3.0"
    "@next/swc-darwin-x64" "12.3.0"
    "@next/swc-freebsd-x64" "12.3.0"
    "@next/swc-linux-arm-gnueabihf" "12.3.0"
    "@next/swc-linux-arm64-gnu" "12.3.0"
    "@next/swc-linux-arm64-musl" "12.3.0"
    "@next/swc-linux-x64-gnu" "12.3.0"
    "@next/swc-linux-x64-musl" "12.3.0"
    "@next/swc-win32-arm64-msvc" "12.3.0"
    "@next/swc-win32-ia32-msvc" "12.3.0"
    "@next/swc-win32-x64-msvc" "12.3.0"

node-releases@^2.0.6:
  version "2.0.6"
  resolved "https://registry.yarnpkg.com/node-releases/-/node-releases-2.0.6.tgz#8a7088c63a55e493845683ebf3c828d8c51c5503"
  integrity sha512-PiVXnNuFm5+iYkLBNeq5211hvO38y63T0i2KKh2KnUs3RpzJ+JtODFjkD8yjLwnDkTYF1eKXheUwdssR+NRZdg==

outdent@^0.8.0:
  version "0.8.0"
  resolved "https://registry.yarnpkg.com/outdent/-/outdent-0.8.0.tgz#2ebc3e77bf49912543f1008100ff8e7f44428eb0"
  integrity sha512-KiOAIsdpUTcAXuykya5fnVVT+/5uS0Q1mrkRHcF89tpieSmY33O/tmc54CqwA+bfhbtEfZUNLHaPUiB9X3jt1A==

p-limit@^3.0.2:
  version "3.1.0"
  resolved "https://registry.yarnpkg.com/p-limit/-/p-limit-3.1.0.tgz#e1daccbe78d0d1388ca18c64fea38e3e57e3706b"
  integrity sha512-TYOanM3wGwNGsZN2cVTYPArw454xnXj5qmWF1bEoAc4+cU/ol7GVh7odevjp1FNHduHc3KZMcFduxU5Xc6uJRQ==
  dependencies:
    yocto-queue "^0.1.0"

p-locate@^5.0.0:
  version "5.0.0"
  resolved "https://registry.yarnpkg.com/p-locate/-/p-locate-5.0.0.tgz#83c8315c6785005e3bd021839411c9e110e6d834"
  integrity sha512-LaNjtRWUBY++zB5nE/NwcaoMylSPk+S+ZHNB1TzdbMJMny6dynpAGt7X/tl/QYq3TIeE6nxHppbo2LGymrG5Pw==
  dependencies:
    p-limit "^3.0.2"

path-exists@^4.0.0:
  version "4.0.0"
  resolved "https://registry.yarnpkg.com/path-exists/-/path-exists-4.0.0.tgz#513bdbe2d3b95d7762e8c1137efa195c6c61b5b3"
  integrity sha512-ak9Qy5Q7jYb2Wwcey5Fpvg2KoAc/ZIhLSLOSBmRmygPsGwkVVt0fZa0qrtMz+m6tJTAHfZQ8FnmB4MG4LWy7/w==

picocolors@^1.0.0:
  version "1.0.0"
  resolved "https://registry.yarnpkg.com/picocolors/-/picocolors-1.0.0.tgz#cb5bdc74ff3f51892236eaf79d68bc44564ab81c"
  integrity sha512-1fygroTLlHu66zi26VoTDv8yRgm0Fccecssto+MhsZ0D/DGW2sm8E8AjW7NU5VVTRt5GxbeZ5qBuJr+HyLYkjQ==

popmotion@11.0.5:
  version "11.0.5"
  resolved "https://registry.yarnpkg.com/popmotion/-/popmotion-11.0.5.tgz#8e3e014421a0ffa30ecd722564fd2558954e1f7d"
  integrity sha512-la8gPM1WYeFznb/JqF4GiTkRRPZsfaj2+kCxqQgr2MJylMmIKUwBfWW8Wa5fml/8gmtlD5yI01MP1QCZPWmppA==
  dependencies:
    framesync "6.1.2"
    hey-listen "^1.0.8"
    style-value-types "5.1.2"
    tslib "2.4.0"

postcss@8.4.14:
  version "8.4.14"
  resolved "https://registry.yarnpkg.com/postcss/-/postcss-8.4.14.tgz#ee9274d5622b4858c1007a74d76e42e56fd21caf"
  integrity sha512-E398TUmfAYFPBSdzgeieK2Y1+1cpdxJx8yXbK/m57nRhKSmk1GB2tO4lbLBtlkfPQTDKfe4Xqv1ASWPpayPEig==
  dependencies:
    nanoid "^3.3.4"
    picocolors "^1.0.0"
    source-map-js "^1.0.2"

react-dom@^18.2.0:
  version "18.2.0"
  resolved "https://registry.yarnpkg.com/react-dom/-/react-dom-18.2.0.tgz#22aaf38708db2674ed9ada224ca4aa708d821e3d"
  integrity sha512-6IMTriUmvsjHUjNtEDudZfuDQUoWXVxKHhlEGSk81n4YFS+r/Kl99wXiwlVXtPBtJenozv2P+hxDsw9eA7Xo6g==
  dependencies:
    loose-envify "^1.1.0"
    scheduler "^0.23.0"

react@^18.2.0:
  version "18.2.0"
  resolved "https://registry.yarnpkg.com/react/-/react-18.2.0.tgz#555bd98592883255fa00de14f1151a917b5d77d5"
  integrity sha512-/3IjMdb2L9QbBdWiW5e3P2/npwMBaU9mHCSCUzNln0ZCYbcfTsGbTJrU/kGemdH2IWmB2ioZ+zkxtmq6g09fGQ==
  dependencies:
    loose-envify "^1.1.0"

regenerator-runtime@^0.13.4:
  version "0.13.9"
  resolved "https://registry.yarnpkg.com/regenerator-runtime/-/regenerator-runtime-0.13.9.tgz#8925742a98ffd90814988d7566ad30ca3b263b52"
  integrity sha512-p3VT+cOEgxFsRRA9X4lkI1E+k2/CtnKtU4gcxyaCUreilL/vqI6CdZ3wxVUx3UOUg+gnUOQQcRI7BmSI656MYA==

"require-like@>= 0.1.1":
  version "0.1.2"
  resolved "https://registry.yarnpkg.com/require-like/-/require-like-0.1.2.tgz#ad6f30c13becd797010c468afa775c0c0a6b47fa"
  integrity sha512-oyrU88skkMtDdauHDuKVrgR+zuItqr6/c//FXzvmxRGMexSDc6hNvJInGW3LL46n+8b50RykrvwSUIIQH2LQ5A==

scheduler@^0.23.0:
  version "0.23.0"
  resolved "https://registry.yarnpkg.com/scheduler/-/scheduler-0.23.0.tgz#ba8041afc3d30eb206a487b6b384002e4e61fdfe"
  integrity sha512-CtuThmgHNg7zIZWAXi3AsyIzA3n4xx7aNyjwC2VJldO2LMVDhFK+63xGqq6CsJH4rTAt6/M+N4GhZiDYPx9eUw==
  dependencies:
    loose-envify "^1.1.0"

source-map-js@^1.0.2:
  version "1.0.2"
  resolved "https://registry.yarnpkg.com/source-map-js/-/source-map-js-1.0.2.tgz#adbc361d9c62df380125e7f161f71c826f1e490c"
  integrity sha512-R0XvVJ9WusLiqTCEiGCmICCMplcCkIwwR11mOSD9CR5u+IXYdiseeEuXCVAjS54zqwkLcPNnmU4OeJ6tUrWhDw==

style-value-types@5.1.2:
  version "5.1.2"
  resolved "https://registry.yarnpkg.com/style-value-types/-/style-value-types-5.1.2.tgz#6be66b237bd546048a764883528072ed95713b62"
  integrity sha512-Vs9fNreYF9j6W2VvuDTP7kepALi7sk0xtk2Tu8Yxi9UoajJdEVpNpCov0HsLTqXvNGKX+Uv09pkozVITi1jf3Q==
  dependencies:
    hey-listen "^1.0.8"
    tslib "2.4.0"

styled-jsx@5.0.6:
  version "5.0.6"
  resolved "https://registry.yarnpkg.com/styled-jsx/-/styled-jsx-5.0.6.tgz#fa684790a9cc3badded14badea163418fe568f77"
  integrity sha512-xOeROtkK5MGMDimBQ3J6iPId8q0t/BDoG5XN6oKkZClVz9ISF/hihN8OCn2LggMU6N32aXnrXBdn3auSqNS9fA==

supports-color@^7.1.0:
  version "7.2.0"
  resolved "https://registry.yarnpkg.com/supports-color/-/supports-color-7.2.0.tgz#1b7dcdcb32b8138801b3e478ba6a51caa89648da"
  integrity sha512-qpCAvRl9stuOHveKsn7HncJRvv501qIacKzQlO/+Lwxc9+0q2wLyv4Dfvt80/DPn2pqOBsJdDiogXGR9+OvwRw==
  dependencies:
    has-flag "^4.0.0"

tslib@2.4.0, tslib@^2.3.1, tslib@^2.4.0:
  version "2.4.0"
  resolved "https://registry.yarnpkg.com/tslib/-/tslib-2.4.0.tgz#7cecaa7f073ce680a05847aa77be941098f36dc3"
  integrity sha512-d6xOpEDfsi2CZVlPQzGeux8XMwLT9hssAsaPYExaQMuYskwb+x1x7J371tWlbBdWHroy99KnVB6qIkUbs5X3UQ==

typescript@^4.7.4:
  version "4.8.3"
  resolved "https://registry.yarnpkg.com/typescript/-/typescript-4.8.3.tgz#d59344522c4bc464a65a730ac695007fdb66dd88"
  integrity sha512-goMHfm00nWPa8UvR/CPSvykqf6dVV8x/dp0c5mFTMTIu0u0FlGWRioyy7Nn0PGAdHxpJZnuO/ut+PpQ8UiHAig==

update-browserslist-db@^1.0.5:
  version "1.0.9"
  resolved "https://registry.yarnpkg.com/update-browserslist-db/-/update-browserslist-db-1.0.9.tgz#2924d3927367a38d5c555413a7ce138fc95fcb18"
  integrity sha512-/xsqn21EGVdXI3EXSum1Yckj3ZVZugqyOZQ/CxYPBD/R+ko9NSUScf8tFF4dOKY+2pvSSJA/S+5B8s4Zr4kyvg==
  dependencies:
    escalade "^3.1.1"
    picocolors "^1.0.0"

use-sync-external-store@1.2.0:
  version "1.2.0"
  resolved "https://registry.yarnpkg.com/use-sync-external-store/-/use-sync-external-store-1.2.0.tgz#7dbefd6ef3fe4e767a0cf5d7287aacfb5846928a"
  integrity sha512-eEgnFxGQ1Ife9bzYs6VLi8/4X6CObHMw9Qr9tPY43iKwsPw8xE8+EFsf/2cFZ5S3esXgpWgtSCtLNS41F+sKPA==

yocto-queue@^0.1.0:
  version "0.1.0"
  resolved "https://registry.yarnpkg.com/yocto-queue/-/yocto-queue-0.1.0.tgz#0294eb3dee05028d31ee1a5fa2c556a6aaf10a1b"
  integrity sha512-rVksvsnNCdJ/ohGc6xgPwyN8eheCxsiLM8mxuE/t/mOVqJewPuO1miLpTHQiRgTKCLexL4MeAFVagts7HmNZ2Q==
